
Microsoft Visual Studio Solution File, Format Version 12.00
# Visual Studio 2013
VisualStudioVersion = 12.0.0.0
MinimumVisualStudioVersion = 10.0.0.1
Project("{FAE04EC0-301F-11D3-BF4B-00C04F79EFBC}") = "SolarSystem", "SolarSystem/SolarSystem.csproj", "{992A0F9A-3C29-4759-84F9-F3BD825C305B}"
EndProject
Project("{FAE04EC0-301F-11D3-BF4B-00C04F79EFBC}") = "SolarSystem.Test", "SolarSystem.Test\SolarSystem.Test.csproj", "{8D78D779-5398-484E-96F3-351B4B970466}"
EndProject
Project("{FAE04EC0-301F-11D3-BF4B-00C04F79EFBC}") = "SolarSystem.Backend", "SolarSystem.Backend\SolarSystem.Backend.csproj", "{49E2719A-446D-428C-BD27-2A6555F38BAB}"
EndProject
Global
	GlobalSection(SolutionConfigurationPlatforms) = preSolution
		Debug|Any CPU = Debug|Any CPU
		Release|Any CPU = Release|Any CPU
	EndGlobalSection
	GlobalSection(ProjectConfigurationPlatforms) = postSolution
		{992A0F9A-3C29-4759-84F9-F3BD825C305B}.Debug|Any CPU.ActiveCfg = Debug|Any CPU
		{992A0F9A-3C29-4759-84F9-F3BD825C305B}.Debug|Any CPU.Build.0 = Debug|Any CPU
		{992A0F9A-3C29-4759-84F9-F3BD825C305B}.Release|Any CPU.ActiveCfg = Release|Any CPU
		{992A0F9A-3C29-4759-84F9-F3BD825C305B}.Release|Any CPU.Build.0 = Release|Any CPU
		{8D78D779-5398-484E-96F3-351B4B970466}.Debug|Any CPU.ActiveCfg = Debug|Any CPU
		{8D78D779-5398-484E-96F3-351B4B970466}.Debug|Any CPU.Build.0 = Debug|Any CPU
		{8D78D779-5398-484E-96F3-351B4B970466}.Release|Any CPU.ActiveCfg = Release|Any CPU
		{8D78D779-5398-484E-96F3-351B4B970466}.Release|Any CPU.Build.0 = Release|Any CPU
		{49E2719A-446D-428C-BD27-2A6555F38BAB}.Debug|Any CPU.ActiveCfg = Debug|Any CPU
		{49E2719A-446D-428C-BD27-2A6555F38BAB}.Debug|Any CPU.Build.0 = Debug|Any CPU
		{49E2719A-446D-428C-BD27-2A6555F38BAB}.Release|Any CPU.ActiveCfg = Release|Any CPU
		{49E2719A-446D-428C-BD27-2A6555F38BAB}.Release|Any CPU.Build.0 = Release|Any CPU
	EndGlobalSection
	GlobalSection(SolutionProperties) = preSolution
		HideSolutionNode = FALSE
	EndGlobalSection
EndGlobal
